<?xml version="1.0" encoding="utf-8"?>
<Project ToolsVersion="4.0" xmlns="http://schemas.microsoft.com/developer/msbuild/2003">
  <ItemGroup>
    <ClInclude Include="CEngine.h">
      <Filter>02.Engine</Filter>
    </ClInclude>
    <ClInclude Include="framework.h">
      <Filter>00.Default</Filter>
    </ClInclude>
    <ClInclude Include="define.h">
      <Filter>01.Header</Filter>
    </ClInclude>
    <ClInclude Include="global.h">
      <Filter>01.Header</Filter>
    </ClInclude>
    <ClInclude Include="singleton.h">
      <Filter>01.Header</Filter>
    </ClInclude>
    <ClInclude Include="value.h">
      <Filter>01.Header</Filter>
    </ClInclude>
    <ClInclude Include="CGraphics.h">
      <Filter>03.Graphics</Filter>
    </ClInclude>
    <ClInclude Include="types.h">
      <Filter>01.Header</Filter>
    </ClInclude>
    <ClInclude Include="CTimeMgr.h">
      <Filter>04.Manager\Time</Filter>
    </ClInclude>
    <ClInclude Include="CPathMgr.h">
      <Filter>04.Manager\Path</Filter>
    </ClInclude>
    <ClInclude Include="enum.h">
      <Filter>01.Header</Filter>
    </ClInclude>
    <ClInclude Include="struct.h">
      <Filter>01.Header</Filter>
    </ClInclude>
    <ClInclude Include="SimpleMath.h">
      <Filter>External\SimpleMath</Filter>
    </ClInclude>
    <ClInclude Include="CKeyMgr.h">
      <Filter>04.Manager\Key</Filter>
    </ClInclude>
    <ClInclude Include="pch.h">
      <Filter>01.Header\pch</Filter>
    </ClInclude>
    <ClInclude Include="CAsset.h">
      <Filter>05.Asset</Filter>
    </ClInclude>
    <ClInclude Include="CMesh.h">
      <Filter>05.Asset\Mesh</Filter>
    </ClInclude>
    <ClInclude Include="CShader.h">
      <Filter>05.Asset\Shader</Filter>
    </ClInclude>
    <ClInclude Include="CEntity.h">
      <Filter>Entity</Filter>
    </ClInclude>
  </ItemGroup>
  <ItemGroup>
    <ClCompile Include="CEngine.cpp">
      <Filter>02.Engine</Filter>
    </ClCompile>
    <ClCompile Include="Engine.cpp">
      <Filter>00.Default</Filter>
    </ClCompile>
    <ClCompile Include="CGraphics.cpp">
      <Filter>03.Graphics</Filter>
    </ClCompile>
    <ClCompile Include="CTimeMgr.cpp">
      <Filter>04.Manager\Time</Filter>
    </ClCompile>
    <ClCompile Include="CPathMgr.cpp">
      <Filter>04.Manager\Path</Filter>
    </ClCompile>
    <ClCompile Include="CKeyMgr.cpp">
      <Filter>04.Manager\Key</Filter>
    </ClCompile>
    <ClCompile Include="pch.cpp">
      <Filter>01.Header\pch</Filter>
    </ClCompile>
    <ClCompile Include="CAsset.cpp">
      <Filter>05.Asset</Filter>
    </ClCompile>
    <ClCompile Include="CMesh.cpp">
      <Filter>05.Asset\Mesh</Filter>
    </ClCompile>
    <ClCompile Include="CShader.cpp">
      <Filter>05.Asset\Shader</Filter>
    </ClCompile>
    <ClCompile Include="CEntity.cpp">
      <Filter>Entity</Filter>
    </ClCompile>
  </ItemGroup>
  <ItemGroup>
    <Filter Include="00.Default">
      <UniqueIdentifier>{cdd4dc94-5218-4c6a-bd85-7e351b5dee0d}</UniqueIdentifier>
    </Filter>
    <Filter Include="01.Header">
      <UniqueIdentifier>{f53a4a92-552b-4c6c-82b4-f18bcf71c3b1}</UniqueIdentifier>
    </Filter>
    <Filter Include="02.Engine">
      <UniqueIdentifier>{5801f608-798a-46ef-a317-9c4a630dfaea}</UniqueIdentifier>
    </Filter>
    <Filter Include="03.Graphics">
      <UniqueIdentifier>{ea6a4f73-3465-41ca-8da0-83875ad8b501}</UniqueIdentifier>
    </Filter>
    <Filter Include="04.Manager">
      <UniqueIdentifier>{9480c3df-977d-431a-9590-cc1778ae3945}</UniqueIdentifier>
    </Filter>
    <Filter Include="04.Manager\Time">
      <UniqueIdentifier>{48201da1-c7c3-4eb1-96fe-8331909187be}</UniqueIdentifier>
    </Filter>
    <Filter Include="04.Manager\Path">
      <UniqueIdentifier>{02852da9-dbe3-43c2-8fec-d00a6f0bf2dc}</UniqueIdentifier>
    </Filter>
    <Filter Include="04.Manager\Key">
      <UniqueIdentifier>{495bafc3-f9b0-4167-a73b-8960c7c7c09f}</UniqueIdentifier>
    </Filter>
    <Filter Include="External">
      <UniqueIdentifier>{86d55df2-b786-4383-8cf8-1a3989930851}</UniqueIdentifier>
    </Filter>
    <Filter Include="External\SimpleMath">
      <UniqueIdentifier>{3871ca77-5e6f-4c00-8a61-1f8e69b48d40}</UniqueIdentifier>
    </Filter>
    <Filter Include="01.Header\pch">
      <UniqueIdentifier>{30d7911d-47ef-4afd-a776-910d86f315bf}</UniqueIdentifier>
    </Filter>
    <Filter Include="Shader">
      <UniqueIdentifier>{63846d4b-7913-4af2-871f-727b316bb625}</UniqueIdentifier>
    </Filter>
    <Filter Include="05.Asset">
      <UniqueIdentifier>{6b79de61-8d09-4e6d-b1d4-dda373efdc06}</UniqueIdentifier>
    </Filter>
    <Filter Include="05.Asset\Mesh">
      <UniqueIdentifier>{b6d81a1e-ad45-41b6-8325-4ae20cff9ac5}</UniqueIdentifier>
    </Filter>
    <Filter Include="05.Asset\Shader">
      <UniqueIdentifier>{8cfe08e8-80c4-4794-be34-86e80d44dea9}</UniqueIdentifier>
    </Filter>
    <Filter Include="Entity">
      <UniqueIdentifier>{396c5459-cbe6-4fb1-9121-7b05d7711d72}</UniqueIdentifier>
    </Filter>
  </ItemGroup>
  <ItemGroup>
    <None Include="SimpleMath.inl">
      <Filter>External\SimpleMath</Filter>
    </None>
  </ItemGroup>
  <ItemGroup>
    <FxCompile Include="std2d.fx">
      <Filter>Shader</Filter>
    </FxCompile>
  </ItemGroup>
</Project>