<?xml version="1.0" encoding="utf-8"?>
<Project ToolsVersion="4.0" xmlns="http://schemas.microsoft.com/developer/msbuild/2003">
  <ItemGroup>
    <ClInclude Include="CEngine.h">
      <Filter>02.Engine</Filter>
    </ClInclude>
    <ClInclude Include="framework.h">
      <Filter>00.Default</Filter>
    </ClInclude>
    <ClInclude Include="global.h">
      <Filter>01.Header</Filter>
    </ClInclude>
    <ClInclude Include="CGraphics.h">
      <Filter>03.Graphics</Filter>
    </ClInclude>
    <ClInclude Include="CTimeMgr.h">
      <Filter>04.Manager\Time</Filter>
    </ClInclude>
    <ClInclude Include="CPathMgr.h">
      <Filter>04.Manager\Path</Filter>
    </ClInclude>
    <ClInclude Include="SimpleMath.h">
      <Filter>External\SimpleMath</Filter>
    </ClInclude>
    <ClInclude Include="CKeyMgr.h">
      <Filter>04.Manager\Key</Filter>
    </ClInclude>
    <ClInclude Include="pch.h">
      <Filter>01.Header\pch</Filter>
    </ClInclude>
    <ClInclude Include="CAsset.h">
      <Filter>05.Asset</Filter>
    </ClInclude>
    <ClInclude Include="CMesh.h">
      <Filter>05.Asset\Mesh</Filter>
    </ClInclude>
    <ClInclude Include="CShader.h">
      <Filter>05.Asset\Shader</Filter>
    </ClInclude>
    <ClInclude Include="CEntity.h">
      <Filter>Entity</Filter>
    </ClInclude>
    <ClInclude Include="CGraphicShader.h">
      <Filter>05.Asset\Shader\GraphicShader</Filter>
    </ClInclude>
    <ClInclude Include="CConstantBuffer.h">
      <Filter>03.Graphics\ConstantBuffer</Filter>
    </ClInclude>
    <ClInclude Include="CGameObject.h">
      <Filter>06.GameObject</Filter>
    </ClInclude>
    <ClInclude Include="CComponent.h">
      <Filter>07.Component</Filter>
    </ClInclude>
    <ClInclude Include="CTransform.h">
      <Filter>07.Component\Transform</Filter>
    </ClInclude>
    <ClInclude Include="CRenderComponent.h">
      <Filter>08.RenderComponent</Filter>
    </ClInclude>
    <ClInclude Include="CMeshRender.h">
      <Filter>08.RenderComponent\MeshRender</Filter>
    </ClInclude>
    <ClInclude Include="component.h">
      <Filter>01.Header</Filter>
    </ClInclude>
    <ClInclude Include="manager.h">
      <Filter>01.Header</Filter>
    </ClInclude>
    <ClInclude Include="value.h">
      <Filter>01.Header\etc</Filter>
    </ClInclude>
    <ClInclude Include="types.h">
      <Filter>01.Header\etc</Filter>
    </ClInclude>
    <ClInclude Include="singleton.h">
      <Filter>01.Header\etc</Filter>
    </ClInclude>
    <ClInclude Include="enum.h">
      <Filter>01.Header\etc</Filter>
    </ClInclude>
    <ClInclude Include="define.h">
      <Filter>01.Header\etc</Filter>
    </ClInclude>
    <ClInclude Include="etc.h">
      <Filter>01.Header\etc</Filter>
    </ClInclude>
    <ClInclude Include="CScript.h">
      <Filter>09.Script</Filter>
    </ClInclude>
    <ClInclude Include="CPlayerScript.h">
      <Filter>09.Script\Player</Filter>
    </ClInclude>
    <ClInclude Include="CAssetMgr.h">
      <Filter>04.Manager\Asset</Filter>
    </ClInclude>
    <ClInclude Include="CLevel.h">
      <Filter>10.Level</Filter>
    </ClInclude>
    <ClInclude Include="CLayer.h">
      <Filter>10.Level\Layer</Filter>
    </ClInclude>
    <ClInclude Include="CLevelMgr.h">
      <Filter>04.Manager\Level</Filter>
    </ClInclude>
    <ClInclude Include="CCamera.h">
      <Filter>07.Component\Camera</Filter>
    </ClInclude>
    <ClInclude Include="CCameraScript.h">
      <Filter>09.Script\Camera</Filter>
    </ClInclude>
    <ClInclude Include="CTexture.h">
      <Filter>05.Asset\Texture</Filter>
    </ClInclude>
    <ClInclude Include="..\..\External\Include\DirectXTex\DirectXTex.h">
      <Filter>External\DirectXTex</Filter>
    </ClInclude>
    <ClInclude Include="CTaskMgr.h">
      <Filter>04.Manager\Task</Filter>
    </ClInclude>
    <ClInclude Include="CMissileScript.h">
      <Filter>09.Script\Missile</Filter>
    </ClInclude>
    <ClInclude Include="CGarbageCollector.h">
      <Filter>04.Manager\GC</Filter>
    </ClInclude>
    <ClInclude Include="CMaterial.h">
      <Filter>05.Asset\Material</Filter>
    </ClInclude>
    <ClInclude Include="func.h">
      <Filter>01.Header\etc\func</Filter>
    </ClInclude>
    <ClInclude Include="Ptr.h">
      <Filter>01.Header\etc\Ptr</Filter>
    </ClInclude>
    <ClInclude Include="CRenderMgr.h">
      <Filter>04.Manager\Render</Filter>
    </ClInclude>
    <ClInclude Include="struct.h">
      <Filter>01.Header</Filter>
    </ClInclude>
    <ClInclude Include="CCollider2D.h">
      <Filter>07.Component\Collider2D</Filter>
    </ClInclude>
    <ClInclude Include="CCollisionMgr.h">
      <Filter>04.Manager\Collision</Filter>
    </ClInclude>
    <ClInclude Include="CAnimator2D.h">
      <Filter>07.Component\Animator2D</Filter>
    </ClInclude>
    <ClInclude Include="CAnimation.h">
      <Filter>07.Component\Animator2D</Filter>
    </ClInclude>
    <ClInclude Include="CStructuredBuffer.h">
      <Filter>03.Graphics\StructuredBuffer</Filter>
    </ClInclude>
    <ClInclude Include="CLight2D.h">
      <Filter>07.Component\Light2D</Filter>
    </ClInclude>
    <ClInclude Include="extern.h">
      <Filter>01.Header\etc\extern</Filter>
    </ClInclude>
    <ClInclude Include="CMonsterScript.h">
      <Filter>09.Script\Monster</Filter>
    </ClInclude>
    <ClInclude Include="CTestMonsterScript.h">
      <Filter>09.Script\Monster\Test</Filter>
    </ClInclude>
    <ClInclude Include="CMinimapScript.h">
      <Filter>09.Script\Minimap</Filter>
    </ClInclude>
    <ClInclude Include="CTileMap.h">
      <Filter>08.RenderComponent\TileMap</Filter>
    </ClInclude>
    <ClInclude Include="CParticleSystem.h">
      <Filter>08.RenderComponent\Particle</Filter>
    </ClInclude>
  </ItemGroup>
  <ItemGroup>
    <ClCompile Include="CEngine.cpp">
      <Filter>02.Engine</Filter>
    </ClCompile>
    <ClCompile Include="Engine.cpp">
      <Filter>00.Default</Filter>
    </ClCompile>
    <ClCompile Include="CGraphics.cpp">
      <Filter>03.Graphics</Filter>
    </ClCompile>
    <ClCompile Include="CTimeMgr.cpp">
      <Filter>04.Manager\Time</Filter>
    </ClCompile>
    <ClCompile Include="CPathMgr.cpp">
      <Filter>04.Manager\Path</Filter>
    </ClCompile>
    <ClCompile Include="CKeyMgr.cpp">
      <Filter>04.Manager\Key</Filter>
    </ClCompile>
    <ClCompile Include="pch.cpp">
      <Filter>01.Header\pch</Filter>
    </ClCompile>
    <ClCompile Include="CAsset.cpp">
      <Filter>05.Asset</Filter>
    </ClCompile>
    <ClCompile Include="CMesh.cpp">
      <Filter>05.Asset\Mesh</Filter>
    </ClCompile>
    <ClCompile Include="CShader.cpp">
      <Filter>05.Asset\Shader</Filter>
    </ClCompile>
    <ClCompile Include="CEntity.cpp">
      <Filter>Entity</Filter>
    </ClCompile>
    <ClCompile Include="CGraphicShader.cpp">
      <Filter>05.Asset\Shader\GraphicShader</Filter>
    </ClCompile>
    <ClCompile Include="CConstantBuffer.cpp">
      <Filter>03.Graphics\ConstantBuffer</Filter>
    </ClCompile>
    <ClCompile Include="CGameObject.cpp">
      <Filter>06.GameObject</Filter>
    </ClCompile>
    <ClCompile Include="CComponent.cpp">
      <Filter>07.Component</Filter>
    </ClCompile>
    <ClCompile Include="CTransform.cpp">
      <Filter>07.Component\Transform</Filter>
    </ClCompile>
    <ClCompile Include="CRenderComponent.cpp">
      <Filter>08.RenderComponent</Filter>
    </ClCompile>
    <ClCompile Include="CMeshRender.cpp">
      <Filter>08.RenderComponent\MeshRender</Filter>
    </ClCompile>
    <ClCompile Include="CScript.cpp">
      <Filter>09.Script</Filter>
    </ClCompile>
    <ClCompile Include="CPlayerScript.cpp">
      <Filter>09.Script\Player</Filter>
    </ClCompile>
    <ClCompile Include="CAssetMgr.cpp">
      <Filter>04.Manager\Asset</Filter>
    </ClCompile>
    <ClCompile Include="CLevel.cpp">
      <Filter>10.Level</Filter>
    </ClCompile>
    <ClCompile Include="CLayer.cpp">
      <Filter>10.Level\Layer</Filter>
    </ClCompile>
    <ClCompile Include="CLevelMgr.cpp">
      <Filter>04.Manager\Level</Filter>
    </ClCompile>
    <ClCompile Include="CCamera.cpp">
      <Filter>07.Component\Camera</Filter>
    </ClCompile>
    <ClCompile Include="CCameraScript.cpp">
      <Filter>09.Script\Camera</Filter>
    </ClCompile>
    <ClCompile Include="CTexture.cpp">
      <Filter>05.Asset\Texture</Filter>
    </ClCompile>
    <ClCompile Include="CTaskMgr.cpp">
      <Filter>04.Manager\Task</Filter>
    </ClCompile>
    <ClCompile Include="CMissileScript.cpp">
      <Filter>09.Script\Missile</Filter>
    </ClCompile>
    <ClCompile Include="CGarbageCollector.cpp">
      <Filter>04.Manager\GC</Filter>
    </ClCompile>
    <ClCompile Include="CMaterial.cpp">
      <Filter>05.Asset\Material</Filter>
    </ClCompile>
    <ClCompile Include="func.cpp">
      <Filter>01.Header\etc\func</Filter>
    </ClCompile>
    <ClCompile Include="CLevelMgr_Init.cpp">
      <Filter>04.Manager\Level</Filter>
    </ClCompile>
    <ClCompile Include="CRenderMgr.cpp">
      <Filter>04.Manager\Render</Filter>
    </ClCompile>
    <ClCompile Include="CCollider2D.cpp">
      <Filter>07.Component\Collider2D</Filter>
    </ClCompile>
    <ClCompile Include="CCollisionMgr.cpp">
      <Filter>04.Manager\Collision</Filter>
    </ClCompile>
    <ClCompile Include="CAnimator2D.cpp">
      <Filter>07.Component\Animator2D</Filter>
    </ClCompile>
    <ClCompile Include="CAnimation.cpp">
      <Filter>07.Component\Animator2D</Filter>
    </ClCompile>
    <ClCompile Include="CStructuredBuffer.cpp">
      <Filter>03.Graphics\StructuredBuffer</Filter>
    </ClCompile>
    <ClCompile Include="CLight2D.cpp">
      <Filter>07.Component\Light2D</Filter>
    </ClCompile>
    <ClCompile Include="extern.cpp">
      <Filter>01.Header\etc\extern</Filter>
    </ClCompile>
    <ClCompile Include="CRenderMgr_Init.cpp">
      <Filter>04.Manager\Render</Filter>
    </ClCompile>
    <ClCompile Include="CMonsterScript.cpp">
      <Filter>09.Script\Monster</Filter>
    </ClCompile>
    <ClCompile Include="CTestMonsterScript.cpp">
      <Filter>09.Script\Monster\Test</Filter>
    </ClCompile>
    <ClCompile Include="CAssetMgr_Init.cpp">
      <Filter>04.Manager\Asset</Filter>
    </ClCompile>
    <ClCompile Include="CMinimapScript.cpp">
      <Filter>09.Script\Minimap</Filter>
    </ClCompile>
    <ClCompile Include="CTileMap.cpp">
      <Filter>08.RenderComponent\TileMap</Filter>
    </ClCompile>
    <ClCompile Include="CParticleSystem.cpp">
      <Filter>08.RenderComponent\Particle</Filter>
    </ClCompile>
  </ItemGroup>
  <ItemGroup>
    <Filter Include="00.Default">
      <UniqueIdentifier>{cdd4dc94-5218-4c6a-bd85-7e351b5dee0d}</UniqueIdentifier>
    </Filter>
    <Filter Include="01.Header">
      <UniqueIdentifier>{f53a4a92-552b-4c6c-82b4-f18bcf71c3b1}</UniqueIdentifier>
    </Filter>
    <Filter Include="02.Engine">
      <UniqueIdentifier>{5801f608-798a-46ef-a317-9c4a630dfaea}</UniqueIdentifier>
    </Filter>
    <Filter Include="03.Graphics">
      <UniqueIdentifier>{ea6a4f73-3465-41ca-8da0-83875ad8b501}</UniqueIdentifier>
    </Filter>
    <Filter Include="04.Manager">
      <UniqueIdentifier>{9480c3df-977d-431a-9590-cc1778ae3945}</UniqueIdentifier>
    </Filter>
    <Filter Include="04.Manager\Time">
      <UniqueIdentifier>{48201da1-c7c3-4eb1-96fe-8331909187be}</UniqueIdentifier>
    </Filter>
    <Filter Include="04.Manager\Path">
      <UniqueIdentifier>{02852da9-dbe3-43c2-8fec-d00a6f0bf2dc}</UniqueIdentifier>
    </Filter>
    <Filter Include="04.Manager\Key">
      <UniqueIdentifier>{495bafc3-f9b0-4167-a73b-8960c7c7c09f}</UniqueIdentifier>
    </Filter>
    <Filter Include="External">
      <UniqueIdentifier>{86d55df2-b786-4383-8cf8-1a3989930851}</UniqueIdentifier>
    </Filter>
    <Filter Include="External\SimpleMath">
      <UniqueIdentifier>{3871ca77-5e6f-4c00-8a61-1f8e69b48d40}</UniqueIdentifier>
    </Filter>
    <Filter Include="01.Header\pch">
      <UniqueIdentifier>{30d7911d-47ef-4afd-a776-910d86f315bf}</UniqueIdentifier>
    </Filter>
    <Filter Include="Shader">
      <UniqueIdentifier>{63846d4b-7913-4af2-871f-727b316bb625}</UniqueIdentifier>
    </Filter>
    <Filter Include="05.Asset">
      <UniqueIdentifier>{6b79de61-8d09-4e6d-b1d4-dda373efdc06}</UniqueIdentifier>
    </Filter>
    <Filter Include="05.Asset\Mesh">
      <UniqueIdentifier>{b6d81a1e-ad45-41b6-8325-4ae20cff9ac5}</UniqueIdentifier>
    </Filter>
    <Filter Include="05.Asset\Shader">
      <UniqueIdentifier>{8cfe08e8-80c4-4794-be34-86e80d44dea9}</UniqueIdentifier>
    </Filter>
    <Filter Include="Entity">
      <UniqueIdentifier>{396c5459-cbe6-4fb1-9121-7b05d7711d72}</UniqueIdentifier>
    </Filter>
    <Filter Include="06.GameObject">
      <UniqueIdentifier>{03911c28-869e-4951-8820-ab5b1bed5200}</UniqueIdentifier>
    </Filter>
    <Filter Include="07.Component">
      <UniqueIdentifier>{b502fdb8-0edf-4cb7-9e9a-d29e387b4f4a}</UniqueIdentifier>
    </Filter>
    <Filter Include="07.Component\Transform">
      <UniqueIdentifier>{215606f7-abee-4124-b02b-01ce51fa3de2}</UniqueIdentifier>
    </Filter>
    <Filter Include="08.RenderComponent">
      <UniqueIdentifier>{e87623e0-3833-4fd8-baeb-a63c254d67af}</UniqueIdentifier>
    </Filter>
    <Filter Include="08.RenderComponent\MeshRender">
      <UniqueIdentifier>{22ead642-06d9-4f7f-948f-b17b8674dfdb}</UniqueIdentifier>
    </Filter>
    <Filter Include="03.Graphics\ConstantBuffer">
      <UniqueIdentifier>{b207fd24-97ab-4b73-83c5-c607a0979615}</UniqueIdentifier>
    </Filter>
    <Filter Include="01.Header\etc">
      <UniqueIdentifier>{a63a0f10-53fb-49c7-aeb1-fe7582e9ef67}</UniqueIdentifier>
    </Filter>
    <Filter Include="09.Script">
      <UniqueIdentifier>{d3dd2492-dc91-4cdc-86e7-f9823663e212}</UniqueIdentifier>
    </Filter>
    <Filter Include="09.Script\Player">
      <UniqueIdentifier>{532ace6c-947c-4fdf-b417-d0274b3bcaff}</UniqueIdentifier>
    </Filter>
    <Filter Include="04.Manager\Asset">
      <UniqueIdentifier>{45f38ee3-c457-4983-85c4-6df74e18174f}</UniqueIdentifier>
    </Filter>
    <Filter Include="10.Level">
      <UniqueIdentifier>{1caebcba-4be1-4c66-a2ad-f1d873a6fb5b}</UniqueIdentifier>
    </Filter>
    <Filter Include="10.Level\Layer">
      <UniqueIdentifier>{ef5c3e97-e267-4f8e-9f72-780d665400d2}</UniqueIdentifier>
    </Filter>
    <Filter Include="04.Manager\Level">
      <UniqueIdentifier>{2bba6f46-8020-4dfd-86c1-f6570ce64e08}</UniqueIdentifier>
    </Filter>
    <Filter Include="07.Component\Camera">
      <UniqueIdentifier>{c1929d68-356f-4da3-96dd-ddd6403bd448}</UniqueIdentifier>
    </Filter>
    <Filter Include="09.Script\Camera">
      <UniqueIdentifier>{345ae071-0920-4464-b4aa-536b0aae95e5}</UniqueIdentifier>
    </Filter>
    <Filter Include="05.Asset\Texture">
      <UniqueIdentifier>{ea9735ab-4e76-4021-8338-98a0ce83a088}</UniqueIdentifier>
    </Filter>
    <Filter Include="External\DirectXTex">
      <UniqueIdentifier>{a327dd87-87a3-48b6-bdd8-da1fb43fc181}</UniqueIdentifier>
    </Filter>
    <Filter Include="04.Manager\Task">
      <UniqueIdentifier>{a93fbfc8-5f20-4d87-929a-ec72eabf15b9}</UniqueIdentifier>
    </Filter>
    <Filter Include="09.Script\Missile">
      <UniqueIdentifier>{33906313-8097-488f-90c1-27d25b989ee2}</UniqueIdentifier>
    </Filter>
    <Filter Include="05.Asset\Material">
      <UniqueIdentifier>{383f6b96-fa20-4533-86cb-f34b40d84ad6}</UniqueIdentifier>
    </Filter>
    <Filter Include="01.Header\etc\func">
      <UniqueIdentifier>{d9c3f664-3f31-4192-9b06-778647a76aac}</UniqueIdentifier>
    </Filter>
    <Filter Include="01.Header\etc\Ptr">
      <UniqueIdentifier>{bc69c63b-eccb-4f8c-ad90-495e15c7a490}</UniqueIdentifier>
    </Filter>
    <Filter Include="04.Manager\Render">
      <UniqueIdentifier>{84b21adf-da8d-4f41-b506-c98863af55d2}</UniqueIdentifier>
    </Filter>
    <Filter Include="04.Manager\GC">
      <UniqueIdentifier>{39f456ab-9f8c-4f6d-9446-ae513d0baa78}</UniqueIdentifier>
    </Filter>
    <Filter Include="07.Component\Collider2D">
      <UniqueIdentifier>{eb5217a7-58cb-43be-8932-d28b3c5ee6a2}</UniqueIdentifier>
    </Filter>
    <Filter Include="04.Manager\Collision">
      <UniqueIdentifier>{9cca8512-3e4f-4b56-b9b0-9375320149fe}</UniqueIdentifier>
    </Filter>
    <Filter Include="07.Component\Animator2D">
      <UniqueIdentifier>{80a360c9-dc52-46ae-a1d7-a9d6cc1c5ce0}</UniqueIdentifier>
    </Filter>
    <Filter Include="03.Graphics\StructuredBuffer">
      <UniqueIdentifier>{a14cc542-5a05-43d3-9c7b-0649cbc1bc9d}</UniqueIdentifier>
    </Filter>
    <Filter Include="07.Component\Light2D">
      <UniqueIdentifier>{7a7d4b30-2ff2-45a0-a581-7c2def863655}</UniqueIdentifier>
    </Filter>
    <Filter Include="01.Header\etc\extern">
      <UniqueIdentifier>{73b6748d-34df-4ff7-b894-04ef0eea5d51}</UniqueIdentifier>
    </Filter>
    <Filter Include="05.Asset\Shader\GraphicShader">
      <UniqueIdentifier>{9bce500b-0b8f-46ab-a648-eccfd8d28160}</UniqueIdentifier>
    </Filter>
    <Filter Include="09.Script\Monster">
      <UniqueIdentifier>{fc6a1528-bc28-4379-acd6-4c80e5bd2f72}</UniqueIdentifier>
    </Filter>
    <Filter Include="09.Script\Monster\Test">
      <UniqueIdentifier>{c8cb8406-019f-4982-a599-8bb61acd0834}</UniqueIdentifier>
    </Filter>
    <Filter Include="Shader\Util">
      <UniqueIdentifier>{1d27cc0e-8bd9-4bc4-afde-6794e78da987}</UniqueIdentifier>
    </Filter>
    <Filter Include="Shader\Render">
      <UniqueIdentifier>{ccd2ce2c-ade7-47a1-8a44-5086f895c6f6}</UniqueIdentifier>
    </Filter>
    <Filter Include="09.Script\Minimap">
      <UniqueIdentifier>{eddd1bec-f79c-499f-9363-7cb41daebfae}</UniqueIdentifier>
    </Filter>
    <Filter Include="08.RenderComponent\TileMap">
      <UniqueIdentifier>{1abfc230-1b96-49d8-8912-d4d92fe8da2e}</UniqueIdentifier>
    </Filter>
    <Filter Include="08.RenderComponent\Particle">
      <UniqueIdentifier>{8f3baa1c-1bfb-4a83-ae92-e355092dc324}</UniqueIdentifier>
    </Filter>
  </ItemGroup>
  <ItemGroup>
    <None Include="SimpleMath.inl">
      <Filter>External\SimpleMath</Filter>
    </None>
    <None Include="..\..\External\Include\DirectXTex\DirectXTex.inl">
      <Filter>External\DirectXTex</Filter>
    </None>
  </ItemGroup>
  <ItemGroup>
    <FxCompile Include="func.fx">
      <Filter>Shader\Util</Filter>
    </FxCompile>
    <FxCompile Include="struct.fx">
      <Filter>Shader\Util</Filter>
    </FxCompile>
    <FxCompile Include="value.fx">
      <Filter>Shader\Util</Filter>
    </FxCompile>
    <FxCompile Include="debug2d.fx">
      <Filter>Shader\Render</Filter>
    </FxCompile>
    <FxCompile Include="std2d.fx">
      <Filter>Shader\Render</Filter>
    </FxCompile>
    <FxCompile Include="postprocess.fx">
      <Filter>Shader\Render</Filter>
    </FxCompile>
    <FxCompile Include="tilemap.fx">
      <Filter>Shader\Render</Filter>
    </FxCompile>
  </ItemGroup>
</Project>