<?xml version="1.0" encoding="utf-8"?>
<Project ToolsVersion="4.0" xmlns="http://schemas.microsoft.com/developer/msbuild/2003">
  <ItemGroup>
    <Filter Include="리소스 파일">
      <UniqueIdentifier>{67DA6AB6-F800-4c08-8B7A-83BB121AAD01}</UniqueIdentifier>
      <Extensions>rc;ico;cur;bmp;dlg;rc2;rct;bin;rgs;gif;jpg;jpeg;jpe;resx;tiff;tif;png;wav;mfcribbon-ms</Extensions>
    </Filter>
    <Filter Include="01.Header">
      <UniqueIdentifier>{fb76101c-f330-457a-a507-e532e5bf0539}</UniqueIdentifier>
    </Filter>
    <Filter Include="00.Default">
      <UniqueIdentifier>{e7c208a2-9a74-4af8-a3f7-398b173a0797}</UniqueIdentifier>
    </Filter>
    <Filter Include="00.Default\main">
      <UniqueIdentifier>{d07fad99-5c37-4b1e-a933-ed13e6ea8410}</UniqueIdentifier>
    </Filter>
    <Filter Include="01.Header\pch">
      <UniqueIdentifier>{f379472f-a02c-49f3-9c0f-46eea6ff7d34}</UniqueIdentifier>
    </Filter>
    <Filter Include="02.ImGui">
      <UniqueIdentifier>{90e055b6-58b2-4850-a86e-64cf7cc8ad43}</UniqueIdentifier>
    </Filter>
    <Filter Include="02.ImGui\backends">
      <UniqueIdentifier>{f90e3cb6-a651-4be2-881f-8cc51506156f}</UniqueIdentifier>
    </Filter>
    <Filter Include="03.ImGuiMgr">
      <UniqueIdentifier>{fc9ed8de-59cf-43bc-acac-4c4426111767}</UniqueIdentifier>
    </Filter>
    <Filter Include="UI">
      <UniqueIdentifier>{6d91bd96-d08a-4f72-a090-710f1fb5e0f4}</UniqueIdentifier>
    </Filter>
    <Filter Include="UI\Outliner">
      <UniqueIdentifier>{f1e970f2-bf4f-418c-a22b-67f296cdf5e7}</UniqueIdentifier>
    </Filter>
    <Filter Include="UI\Inspector">
      <UniqueIdentifier>{ffefc513-49f7-4547-bf4b-37507ba0ab98}</UniqueIdentifier>
    </Filter>
    <Filter Include="UI\Content">
      <UniqueIdentifier>{f034460c-44be-4b17-9411-745e882639e3}</UniqueIdentifier>
    </Filter>
    <Filter Include="UI\Overlay">
      <UniqueIdentifier>{a4c56479-5697-4106-860c-31b99b203d2a}</UniqueIdentifier>
    </Filter>
    <Filter Include="UI\Inspector\AssetUI">
      <UniqueIdentifier>{b832d488-1927-4a20-8329-d5b798d9d88b}</UniqueIdentifier>
    </Filter>
    <Filter Include="UI\Inspector\ComponentUI">
      <UniqueIdentifier>{f80eb86c-60e7-41ca-b71a-0f8e17ba7579}</UniqueIdentifier>
    </Filter>
  </ItemGroup>
  <ItemGroup>
    <ClInclude Include="framework.h">
      <Filter>00.Default</Filter>
    </ClInclude>
    <ClInclude Include="Resource.h">
      <Filter>00.Default</Filter>
    </ClInclude>
    <ClInclude Include="targetver.h">
      <Filter>00.Default</Filter>
    </ClInclude>
    <ClInclude Include="value_client.h">
      <Filter>00.Default</Filter>
    </ClInclude>
    <ClInclude Include="Client.h">
      <Filter>00.Default\main</Filter>
    </ClInclude>
    <ClInclude Include="pch_client.h">
      <Filter>01.Header\pch</Filter>
    </ClInclude>
    <ClInclude Include="imgui\imconfig.h">
      <Filter>02.ImGui</Filter>
    </ClInclude>
    <ClInclude Include="imgui\imgui.h">
      <Filter>02.ImGui</Filter>
    </ClInclude>
    <ClInclude Include="imgui\imgui_internal.h">
      <Filter>02.ImGui</Filter>
    </ClInclude>
    <ClInclude Include="imgui\imstb_rectpack.h">
      <Filter>02.ImGui</Filter>
    </ClInclude>
    <ClInclude Include="imgui\imstb_textedit.h">
      <Filter>02.ImGui</Filter>
    </ClInclude>
    <ClInclude Include="imgui\imstb_truetype.h">
      <Filter>02.ImGui</Filter>
    </ClInclude>
    <ClInclude Include="imgui\imgui_impl_dx11.h">
      <Filter>02.ImGui\backends</Filter>
    </ClInclude>
    <ClInclude Include="imgui\imgui_impl_win32.h">
      <Filter>02.ImGui\backends</Filter>
    </ClInclude>
    <ClInclude Include="CImGuiMgr.h">
      <Filter>03.ImGuiMgr</Filter>
    </ClInclude>
    <ClInclude Include="CUI.h">
      <Filter>UI</Filter>
    </ClInclude>
    <ClInclude Include="COutliner.h">
      <Filter>UI\Outliner</Filter>
    </ClInclude>
    <ClInclude Include="CInspector.h">
      <Filter>UI\Inspector</Filter>
    </ClInclude>
    <ClInclude Include="CContent.h">
      <Filter>UI\Content</Filter>
    </ClInclude>
    <ClInclude Include="CComponentUI.h">
      <Filter>UI\Inspector\ComponentUI</Filter>
    </ClInclude>
    <ClInclude Include="COverlay.h">
      <Filter>UI\Overlay</Filter>
    </ClInclude>
  </ItemGroup>
  <ItemGroup>
    <ResourceCompile Include="Client.rc">
      <Filter>리소스 파일</Filter>
    </ResourceCompile>
  </ItemGroup>
  <ItemGroup>
    <Image Include="small.ico">
      <Filter>리소스 파일</Filter>
    </Image>
    <Image Include="Client.ico">
      <Filter>리소스 파일</Filter>
    </Image>
  </ItemGroup>
  <ItemGroup>
    <ClCompile Include="Client.cpp">
      <Filter>00.Default\main</Filter>
    </ClCompile>
    <ClCompile Include="pch_client.cpp">
      <Filter>01.Header\pch</Filter>
    </ClCompile>
    <ClCompile Include="imgui\imgui.cpp">
      <Filter>02.ImGui</Filter>
    </ClCompile>
    <ClCompile Include="imgui\imgui_demo.cpp">
      <Filter>02.ImGui</Filter>
    </ClCompile>
    <ClCompile Include="imgui\imgui_draw.cpp">
      <Filter>02.ImGui</Filter>
    </ClCompile>
    <ClCompile Include="imgui\imgui_tables.cpp">
      <Filter>02.ImGui</Filter>
    </ClCompile>
    <ClCompile Include="imgui\imgui_widgets.cpp">
      <Filter>02.ImGui</Filter>
    </ClCompile>
    <ClCompile Include="imgui\imgui_impl_dx11.cpp">
      <Filter>02.ImGui\backends</Filter>
    </ClCompile>
    <ClCompile Include="imgui\imgui_impl_win32.cpp">
      <Filter>02.ImGui\backends</Filter>
    </ClCompile>
    <ClCompile Include="CImGuiMgr.cpp">
      <Filter>03.ImGuiMgr</Filter>
    </ClCompile>
    <ClCompile Include="CUI.cpp">
      <Filter>UI</Filter>
    </ClCompile>
    <ClCompile Include="COutliner.cpp">
      <Filter>UI\Outliner</Filter>
    </ClCompile>
    <ClCompile Include="CInspector.cpp">
      <Filter>UI\Inspector</Filter>
    </ClCompile>
    <ClCompile Include="CContent.cpp">
      <Filter>UI\Content</Filter>
    </ClCompile>
    <ClCompile Include="COverlay.cpp">
      <Filter>UI\Overlay</Filter>
    </ClCompile>
    <ClCompile Include="CComponentUI.cpp">
      <Filter>UI\Inspector\ComponentUI</Filter>
    </ClCompile>
    <ClCompile Include="enum_client.h">
      <Filter>01.Header\pch</Filter>
    </ClCompile>
  </ItemGroup>
</Project>